
Microsoft Visual Studio Solution File, Format Version 12.00
# Visual Studio Version 17
VisualStudioVersion = 17.2.32630.192
MinimumVisualStudioVersion = 10.0.40219.1
Project("{FAE04EC0-301F-11D3-BF4B-00C04F79EFBC}") = "Hash Table", "Hash Table.csproj", "{15E32763-D025-453E-A264-693B9B6B2714}"
EndProject
Global
	GlobalSection(SolutionConfigurationPlatforms) = preSolution
		Debug|Any CPU = Debug|Any CPU
		Release|Any CPU = Release|Any CPU
	EndGlobalSection
	GlobalSection(ProjectConfigurationPlatforms) = postSolution
		{15E32763-D025-453E-A264-693B9B6B2714}.Debug|Any CPU.ActiveCfg = Debug|Any CPU
		{15E32763-D025-453E-A264-693B9B6B2714}.Debug|Any CPU.Build.0 = Debug|Any CPU
		{15E32763-D025-453E-A264-693B9B6B2714}.Release|Any CPU.ActiveCfg = Release|Any CPU
		{15E32763-D025-453E-A264-693B9B6B2714}.Release|Any CPU.Build.0 = Release|Any CPU
	EndGlobalSection
	GlobalSection(SolutionProperties) = preSolution
		HideSolutionNode = FALSE
	EndGlobalSection
	GlobalSection(ExtensibilityGlobals) = postSolution
		SolutionGuid = {14CAFE8C-0041-495C-877B-2883DAA8C409}
	EndGlobalSection
EndGlobal
